// !$*UTF8*$!
{
	archiveVersion = 1;
	classes = {
	};
	objectVersion = 55;
	objects = {

/* Begin PBXBuildFile section */
		CD495F0028591CC3007C24E4 /* AppDelegate.swift in Sources */ = {isa = PBXBuildFile; fileRef = CD495EFF28591CC3007C24E4 /* AppDelegate.swift */; };
		CD495F0228591CC3007C24E4 /* SceneDelegate.swift in Sources */ = {isa = PBXBuildFile; fileRef = CD495F0128591CC3007C24E4 /* SceneDelegate.swift */; };
		CD495F0428591CC3007C24E4 /* ViewController.swift in Sources */ = {isa = PBXBuildFile; fileRef = CD495F0328591CC3007C24E4 /* ViewController.swift */; };
		CD495F0728591CC3007C24E4 /* Main.storyboard in Resources */ = {isa = PBXBuildFile; fileRef = CD495F0528591CC3007C24E4 /* Main.storyboard */; };
		CD495F0928591CC5007C24E4 /* Assets.xcassets in Resources */ = {isa = PBXBuildFile; fileRef = CD495F0828591CC5007C24E4 /* Assets.xcassets */; };
		CD495F0C28591CC5007C24E4 /* LaunchScreen.storyboard in Resources */ = {isa = PBXBuildFile; fileRef = CD495F0A28591CC5007C24E4 /* LaunchScreen.storyboard */; };
		CD495F1E2859239D007C24E4 /* NetworkModelTests.swift in Sources */ = {isa = PBXBuildFile; fileRef = CD495F1D2859239D007C24E4 /* NetworkModelTests.swift */; };
		CD495F25285924E5007C24E4 /* NetworkModel.swift in Sources */ = {isa = PBXBuildFile; fileRef = CD495F24285924E5007C24E4 /* NetworkModel.swift */; };
		CD495F27285986AF007C24E4 /* TheMealDBEndPointGetMealsForDessertCategoryTests.swift in Sources */ = {isa = PBXBuildFile; fileRef = CD495F26285986AF007C24E4 /* TheMealDBEndPointGetMealsForDessertCategoryTests.swift */; };
		CD495F2928598727007C24E4 /* EndPoint.swift in Sources */ = {isa = PBXBuildFile; fileRef = CD495F2828598727007C24E4 /* EndPoint.swift */; };
		CD495F2D285987EF007C24E4 /* TheMealDB.swift in Sources */ = {isa = PBXBuildFile; fileRef = CD495F2C285987EF007C24E4 /* TheMealDB.swift */; };
		CDBA5DAB285F94F100306350 /* MealsCategory.swift in Sources */ = {isa = PBXBuildFile; fileRef = CDBA5DAA285F94F100306350 /* MealsCategory.swift */; };
		CDBA5DAF285FA01B00306350 /* TheMealDBEndPointGetMealDetailsForIDTests.swift in Sources */ = {isa = PBXBuildFile; fileRef = CDBA5DAE285FA01B00306350 /* TheMealDBEndPointGetMealDetailsForIDTests.swift */; };
		CDBA5DB1285FA49C00306350 /* EndPoints.swift in Sources */ = {isa = PBXBuildFile; fileRef = CDBA5DB0285FA49C00306350 /* EndPoints.swift */; };
/* End PBXBuildFile section */

/* Begin PBXContainerItemProxy section */
		CD495F1F2859239D007C24E4 /* PBXContainerItemProxy */ = {
			isa = PBXContainerItemProxy;
			containerPortal = CD495EF428591CC3007C24E4 /* Project object */;
			proxyType = 1;
			remoteGlobalIDString = CD495EFB28591CC3007C24E4;
			remoteInfo = "Fetch Rewards";
		};
/* End PBXContainerItemProxy section */

/* Begin PBXFileReference section */
		CD495EFC28591CC3007C24E4 /* Fetch Rewards.app */ = {isa = PBXFileReference; explicitFileType = wrapper.application; includeInIndex = 0; path = "Fetch Rewards.app"; sourceTree = BUILT_PRODUCTS_DIR; };
		CD495EFF28591CC3007C24E4 /* AppDelegate.swift */ = {isa = PBXFileReference; lastKnownFileType = sourcecode.swift; path = AppDelegate.swift; sourceTree = "<group>"; };
		CD495F0128591CC3007C24E4 /* SceneDelegate.swift */ = {isa = PBXFileReference; lastKnownFileType = sourcecode.swift; path = SceneDelegate.swift; sourceTree = "<group>"; };
		CD495F0328591CC3007C24E4 /* ViewController.swift */ = {isa = PBXFileReference; lastKnownFileType = sourcecode.swift; path = ViewController.swift; sourceTree = "<group>"; };
		CD495F0628591CC3007C24E4 /* Base */ = {isa = PBXFileReference; lastKnownFileType = file.storyboard; name = Base; path = Base.lproj/Main.storyboard; sourceTree = "<group>"; };
		CD495F0828591CC5007C24E4 /* Assets.xcassets */ = {isa = PBXFileReference; lastKnownFileType = folder.assetcatalog; path = Assets.xcassets; sourceTree = "<group>"; };
		CD495F0B28591CC5007C24E4 /* Base */ = {isa = PBXFileReference; lastKnownFileType = file.storyboard; name = Base; path = Base.lproj/LaunchScreen.storyboard; sourceTree = "<group>"; };
		CD495F0D28591CC5007C24E4 /* Info.plist */ = {isa = PBXFileReference; lastKnownFileType = text.plist.xml; name = Info.plist; path = "Fetch Rewards/Configuration/Info.plist"; sourceTree = SOURCE_ROOT; };
		CD495F1B2859239D007C24E4 /* Fetch RewardsTests.xctest */ = {isa = PBXFileReference; explicitFileType = wrapper.cfbundle; includeInIndex = 0; path = "Fetch RewardsTests.xctest"; sourceTree = BUILT_PRODUCTS_DIR; };
		CD495F1D2859239D007C24E4 /* NetworkModelTests.swift */ = {isa = PBXFileReference; lastKnownFileType = sourcecode.swift; path = NetworkModelTests.swift; sourceTree = "<group>"; };
		CD495F24285924E5007C24E4 /* NetworkModel.swift */ = {isa = PBXFileReference; lastKnownFileType = sourcecode.swift; path = NetworkModel.swift; sourceTree = "<group>"; };
		CD495F26285986AF007C24E4 /* TheMealDBEndPointGetMealsForDessertCategoryTests.swift */ = {isa = PBXFileReference; lastKnownFileType = sourcecode.swift; path = TheMealDBEndPointGetMealsForDessertCategoryTests.swift; sourceTree = "<group>"; };
		CD495F2828598727007C24E4 /* EndPoint.swift */ = {isa = PBXFileReference; lastKnownFileType = sourcecode.swift; path = EndPoint.swift; sourceTree = "<group>"; };
		CD495F2C285987EF007C24E4 /* TheMealDB.swift */ = {isa = PBXFileReference; lastKnownFileType = sourcecode.swift; path = TheMealDB.swift; sourceTree = "<group>"; };
		CDBA5DAA285F94F100306350 /* MealsCategory.swift */ = {isa = PBXFileReference; lastKnownFileType = sourcecode.swift; path = MealsCategory.swift; sourceTree = "<group>"; };
		CDBA5DAE285FA01B00306350 /* TheMealDBEndPointGetMealDetailsForIDTests.swift */ = {isa = PBXFileReference; lastKnownFileType = sourcecode.swift; path = TheMealDBEndPointGetMealDetailsForIDTests.swift; sourceTree = "<group>"; };
		CDBA5DB0285FA49C00306350 /* EndPoints.swift */ = {isa = PBXFileReference; lastKnownFileType = sourcecode.swift; path = EndPoints.swift; sourceTree = "<group>"; };
/* End PBXFileReference section */

/* Begin PBXFrameworksBuildPhase section */
		CD495EF928591CC3007C24E4 /* Frameworks */ = {
			isa = PBXFrameworksBuildPhase;
			buildActionMask = 2147483647;
			files = (
			);
			runOnlyForDeploymentPostprocessing = 0;
		};
		CD495F182859239D007C24E4 /* Frameworks */ = {
			isa = PBXFrameworksBuildPhase;
			buildActionMask = 2147483647;
			files = (
			);
			runOnlyForDeploymentPostprocessing = 0;
		};
/* End PBXFrameworksBuildPhase section */

/* Begin PBXGroup section */
		CD495EF328591CC3007C24E4 = {
			isa = PBXGroup;
			children = (
				CD495EFE28591CC3007C24E4 /* Fetch Rewards */,
				CD495F1C2859239D007C24E4 /* Fetch RewardsTests */,
				CD495EFD28591CC3007C24E4 /* Products */,
			);
			sourceTree = "<group>";
		};
		CD495EFD28591CC3007C24E4 /* Products */ = {
			isa = PBXGroup;
			children = (
				CD495EFC28591CC3007C24E4 /* Fetch Rewards.app */,
				CD495F1B2859239D007C24E4 /* Fetch RewardsTests.xctest */,
			);
			name = Products;
			sourceTree = "<group>";
		};
		CD495EFE28591CC3007C24E4 /* Fetch Rewards */ = {
			isa = PBXGroup;
			children = (
				CD495F132859200E007C24E4 /* Configuration */,
				CD495F16285920B5007C24E4 /* Model */,
				CD495F152859202D007C24E4 /* View */,
				CD495F1428592020007C24E4 /* Controller */,
			);
			path = "Fetch Rewards";
			sourceTree = "<group>";
		};
		CD495F132859200E007C24E4 /* Configuration */ = {
			isa = PBXGroup;
			children = (
				CD495EFF28591CC3007C24E4 /* AppDelegate.swift */,
				CD495F0128591CC3007C24E4 /* SceneDelegate.swift */,
				CD495F0D28591CC5007C24E4 /* Info.plist */,
				CD495F0828591CC5007C24E4 /* Assets.xcassets */,
			);
			path = Configuration;
			sourceTree = "<group>";
		};
		CD495F1428592020007C24E4 /* Controller */ = {
			isa = PBXGroup;
			children = (
				CD495F0328591CC3007C24E4 /* ViewController.swift */,
			);
			path = Controller;
			sourceTree = "<group>";
		};
		CD495F152859202D007C24E4 /* View */ = {
			isa = PBXGroup;
			children = (
				CD495F0A28591CC5007C24E4 /* LaunchScreen.storyboard */,
				CD495F0528591CC3007C24E4 /* Main.storyboard */,
			);
			path = View;
			sourceTree = "<group>";
		};
		CD495F16285920B5007C24E4 /* Model */ = {
			isa = PBXGroup;
			children = (
				CD495F2A28598737007C24E4 /* Networking */,
			);
			path = Model;
			sourceTree = "<group>";
		};
		CD495F1C2859239D007C24E4 /* Fetch RewardsTests */ = {
			isa = PBXGroup;
			children = (
				CDBA5DAC285F9C4E00306350 /* Unit Tests */,
			);
			path = "Fetch RewardsTests";
			sourceTree = "<group>";
		};
		CD495F2A28598737007C24E4 /* Networking */ = {
			isa = PBXGroup;
			children = (
				CD495F2B28598746007C24E4 /* EndPoints */,
				CD495F24285924E5007C24E4 /* NetworkModel.swift */,
			);
			path = Networking;
			sourceTree = "<group>";
		};
		CD495F2B28598746007C24E4 /* EndPoints */ = {
			isa = PBXGroup;
			children = (
				CD495F2828598727007C24E4 /* EndPoint.swift */,
				CDBA5DB0285FA49C00306350 /* EndPoints.swift */,
				CDBA5DA9285F94DD00306350 /* TheMealDBEndPoint */,
			);
			path = EndPoints;
			sourceTree = "<group>";
		};
		CDBA5DA9285F94DD00306350 /* TheMealDBEndPoint */ = {
			isa = PBXGroup;
			children = (
				CD495F2C285987EF007C24E4 /* TheMealDB.swift */,
				CDBA5DAA285F94F100306350 /* MealsCategory.swift */,
			);
			path = TheMealDBEndPoint;
			sourceTree = "<group>";
		};
		CDBA5DAC285F9C4E00306350 /* Unit Tests */ = {
			isa = PBXGroup;
			children = (
				CD495F1D2859239D007C24E4 /* NetworkModelTests.swift */,
				CDBA5DAD285F9C5800306350 /* TheMealDBEndPointTests */,
			);
			path = "Unit Tests";
			sourceTree = "<group>";
		};
		CDBA5DAD285F9C5800306350 /* TheMealDBEndPointTests */ = {
			isa = PBXGroup;
			children = (
				CD495F26285986AF007C24E4 /* TheMealDBEndPointGetMealsForDessertCategoryTests.swift */,
				CDBA5DAE285FA01B00306350 /* TheMealDBEndPointGetMealDetailsForIDTests.swift */,
			);
			path = TheMealDBEndPointTests;
			sourceTree = "<group>";
		};
/* End PBXGroup section */

/* Begin PBXNativeTarget section */
		CD495EFB28591CC3007C24E4 /* Fetch Rewards */ = {
			isa = PBXNativeTarget;
			buildConfigurationList = CD495F1028591CC5007C24E4 /* Build configuration list for PBXNativeTarget "Fetch Rewards" */;
			buildPhases = (
				CD495EF828591CC3007C24E4 /* Sources */,
				CD495EF928591CC3007C24E4 /* Frameworks */,
				CD495EFA28591CC3007C24E4 /* Resources */,
			);
			buildRules = (
			);
			dependencies = (
			);
			name = "Fetch Rewards";
			productName = "Fetch Rewards";
			productReference = CD495EFC28591CC3007C24E4 /* Fetch Rewards.app */;
			productType = "com.apple.product-type.application";
		};
		CD495F1A2859239D007C24E4 /* Fetch RewardsTests */ = {
			isa = PBXNativeTarget;
			buildConfigurationList = CD495F212859239D007C24E4 /* Build configuration list for PBXNativeTarget "Fetch RewardsTests" */;
			buildPhases = (
				CD495F172859239D007C24E4 /* Sources */,
				CD495F182859239D007C24E4 /* Frameworks */,
				CD495F192859239D007C24E4 /* Resources */,
			);
			buildRules = (
			);
			dependencies = (
				CD495F202859239D007C24E4 /* PBXTargetDependency */,
			);
			name = "Fetch RewardsTests";
			productName = "Fetch RewardsTests";
			productReference = CD495F1B2859239D007C24E4 /* Fetch RewardsTests.xctest */;
			productType = "com.apple.product-type.bundle.unit-test";
		};
/* End PBXNativeTarget section */

/* Begin PBXProject section */
		CD495EF428591CC3007C24E4 /* Project object */ = {
			isa = PBXProject;
			attributes = {
				BuildIndependentTargetsInParallel = 1;
				LastSwiftUpdateCheck = 1340;
				LastUpgradeCheck = 1340;
				TargetAttributes = {
					CD495EFB28591CC3007C24E4 = {
						CreatedOnToolsVersion = 13.4.1;
					};
					CD495F1A2859239D007C24E4 = {
						CreatedOnToolsVersion = 13.4.1;
						TestTargetID = CD495EFB28591CC3007C24E4;
					};
				};
			};
			buildConfigurationList = CD495EF728591CC3007C24E4 /* Build configuration list for PBXProject "Fetch Rewards" */;
			compatibilityVersion = "Xcode 13.0";
			developmentRegion = en;
			hasScannedForEncodings = 0;
			knownRegions = (
				en,
				Base,
			);
			mainGroup = CD495EF328591CC3007C24E4;
			productRefGroup = CD495EFD28591CC3007C24E4 /* Products */;
			projectDirPath = "";
			projectRoot = "";
			targets = (
				CD495EFB28591CC3007C24E4 /* Fetch Rewards */,
				CD495F1A2859239D007C24E4 /* Fetch RewardsTests */,
			);
		};
/* End PBXProject section */

/* Begin PBXResourcesBuildPhase section */
		CD495EFA28591CC3007C24E4 /* Resources */ = {
			isa = PBXResourcesBuildPhase;
			buildActionMask = 2147483647;
			files = (
				CD495F0C28591CC5007C24E4 /* LaunchScreen.storyboard in Resources */,
				CD495F0928591CC5007C24E4 /* Assets.xcassets in Resources */,
				CD495F0728591CC3007C24E4 /* Main.storyboard in Resources */,
			);
			runOnlyForDeploymentPostprocessing = 0;
		};
		CD495F192859239D007C24E4 /* Resources */ = {
			isa = PBXResourcesBuildPhase;
			buildActionMask = 2147483647;
			files = (
			);
			runOnlyForDeploymentPostprocessing = 0;
		};
/* End PBXResourcesBuildPhase section */

/* Begin PBXSourcesBuildPhase section */
		CD495EF828591CC3007C24E4 /* Sources */ = {
			isa = PBXSourcesBuildPhase;
			buildActionMask = 2147483647;
			files = (
				CDBA5DAB285F94F100306350 /* MealsCategory.swift in Sources */,
				CD495F25285924E5007C24E4 /* NetworkModel.swift in Sources */,
				CD495F0428591CC3007C24E4 /* ViewController.swift in Sources */,
				CD495F2928598727007C24E4 /* EndPoint.swift in Sources */,
				CD495F2D285987EF007C24E4 /* TheMealDB.swift in Sources */,
				CD495F0028591CC3007C24E4 /* AppDelegate.swift in Sources */,
				CDBA5DB1285FA49C00306350 /* EndPoints.swift in Sources */,
				CD495F0228591CC3007C24E4 /* SceneDelegate.swift in Sources */,
			);
			runOnlyForDeploymentPostprocessing = 0;
		};
		CD495F172859239D007C24E4 /* Sources */ = {
			isa = PBXSourcesBuildPhase;
			buildActionMask = 2147483647;
			files = (
				CD495F1E2859239D007C24E4 /* NetworkModelTests.swift in Sources */,
				CD495F27285986AF007C24E4 /* TheMealDBEndPointGetMealsForDessertCategoryTests.swift in Sources */,
				CDBA5DAF285FA01B00306350 /* TheMealDBEndPointGetMealDetailsForIDTests.swift in Sources */,
			);
			runOnlyForDeploymentPostprocessing = 0;
		};
/* End PBXSourcesBuildPhase section */

/* Begin PBXTargetDependency section */
		CD495F202859239D007C24E4 /* PBXTargetDependency */ = {
			isa = PBXTargetDependency;
			target = CD495EFB28591CC3007C24E4 /* Fetch Rewards */;
			targetProxy = CD495F1F2859239D007C24E4 /* PBXContainerItemProxy */;
		};
/* End PBXTargetDependency section */

/* Begin PBXVariantGroup section */
		CD495F0528591CC3007C24E4 /* Main.storyboard */ = {
			isa = PBXVariantGroup;
			children = (
				CD495F0628591CC3007C24E4 /* Base */,
			);
			name = Main.storyboard;
			sourceTree = "<group>";
		};
		CD495F0A28591CC5007C24E4 /* LaunchScreen.storyboard */ = {
			isa = PBXVariantGroup;
			children = (
				CD495F0B28591CC5007C24E4 /* Base */,
			);
			name = LaunchScreen.storyboard;
			sourceTree = "<group>";
		};
/* End PBXVariantGroup section */

/* Begin XCBuildConfiguration section */
		CD495F0E28591CC5007C24E4 /* Debug */ = {
			isa = XCBuildConfiguration;
			buildSettings = {
				ALWAYS_SEARCH_USER_PATHS = NO;
				CLANG_ANALYZER_NONNULL = YES;
				CLANG_ANALYZER_NUMBER_OBJECT_CONVERSION = YES_AGGRESSIVE;
				CLANG_CXX_LANGUAGE_STANDARD = "gnu++17";
				CLANG_ENABLE_MODULES = YES;
				CLANG_ENABLE_OBJC_ARC = YES;
				CLANG_ENABLE_OBJC_WEAK = YES;
				CLANG_WARN_BLOCK_CAPTURE_AUTORELEASING = YES;
				CLANG_WARN_BOOL_CONVERSION = YES;
				CLANG_WARN_COMMA = YES;
				CLANG_WARN_CONSTANT_CONVERSION = YES;
				CLANG_WARN_DEPRECATED_OBJC_IMPLEMENTATIONS = YES;
				CLANG_WARN_DIRECT_OBJC_ISA_USAGE = YES_ERROR;
				CLANG_WARN_DOCUMENTATION_COMMENTS = YES;
				CLANG_WARN_EMPTY_BODY = YES;
				CLANG_WARN_ENUM_CONVERSION = YES;
				CLANG_WARN_INFINITE_RECURSION = YES;
				CLANG_WARN_INT_CONVERSION = YES;
				CLANG_WARN_NON_LITERAL_NULL_CONVERSION = YES;
				CLANG_WARN_OBJC_IMPLICIT_RETAIN_SELF = YES;
				CLANG_WARN_OBJC_LITERAL_CONVERSION = YES;
				CLANG_WARN_OBJC_ROOT_CLASS = YES_ERROR;
				CLANG_WARN_QUOTED_INCLUDE_IN_FRAMEWORK_HEADER = YES;
				CLANG_WARN_RANGE_LOOP_ANALYSIS = YES;
				CLANG_WARN_STRICT_PROTOTYPES = YES;
				CLANG_WARN_SUSPICIOUS_MOVE = YES;
				CLANG_WARN_UNGUARDED_AVAILABILITY = YES_AGGRESSIVE;
				CLANG_WARN_UNREACHABLE_CODE = YES;
				CLANG_WARN__DUPLICATE_METHOD_MATCH = YES;
				COPY_PHASE_STRIP = NO;
				DEBUG_INFORMATION_FORMAT = dwarf;
				ENABLE_STRICT_OBJC_MSGSEND = YES;
				ENABLE_TESTABILITY = YES;
				GCC_C_LANGUAGE_STANDARD = gnu11;
				GCC_DYNAMIC_NO_PIC = NO;
				GCC_NO_COMMON_BLOCKS = YES;
				GCC_OPTIMIZATION_LEVEL = 0;
				GCC_PREPROCESSOR_DEFINITIONS = (
					"DEBUG=1",
					"$(inherited)",
				);
				GCC_WARN_64_TO_32_BIT_CONVERSION = YES;
				GCC_WARN_ABOUT_RETURN_TYPE = YES_ERROR;
				GCC_WARN_UNDECLARED_SELECTOR = YES;
				GCC_WARN_UNINITIALIZED_AUTOS = YES_AGGRESSIVE;
				GCC_WARN_UNUSED_FUNCTION = YES;
				GCC_WARN_UNUSED_VARIABLE = YES;
				IPHONEOS_DEPLOYMENT_TARGET = 15.5;
				MTL_ENABLE_DEBUG_INFO = INCLUDE_SOURCE;
				MTL_FAST_MATH = YES;
				ONLY_ACTIVE_ARCH = YES;
				SDKROOT = iphoneos;
				SWIFT_ACTIVE_COMPILATION_CONDITIONS = DEBUG;
				SWIFT_OPTIMIZATION_LEVEL = "-Onone";
			};
			name = Debug;
		};
		CD495F0F28591CC5007C24E4 /* Release */ = {
			isa = XCBuildConfiguration;
			buildSettings = {
				ALWAYS_SEARCH_USER_PATHS = NO;
				CLANG_ANALYZER_NONNULL = YES;
				CLANG_ANALYZER_NUMBER_OBJECT_CONVERSION = YES_AGGRESSIVE;
				CLANG_CXX_LANGUAGE_STANDARD = "gnu++17";
				CLANG_ENABLE_MODULES = YES;
				CLANG_ENABLE_OBJC_ARC = YES;
				CLANG_ENABLE_OBJC_WEAK = YES;
				CLANG_WARN_BLOCK_CAPTURE_AUTORELEASING = YES;
				CLANG_WARN_BOOL_CONVERSION = YES;
				CLANG_WARN_COMMA = YES;
				CLANG_WARN_CONSTANT_CONVERSION = YES;
				CLANG_WARN_DEPRECATED_OBJC_IMPLEMENTATIONS = YES;
				CLANG_WARN_DIRECT_OBJC_ISA_USAGE = YES_ERROR;
				CLANG_WARN_DOCUMENTATION_COMMENTS = YES;
				CLANG_WARN_EMPTY_BODY = YES;
				CLANG_WARN_ENUM_CONVERSION = YES;
				CLANG_WARN_INFINITE_RECURSION = YES;
				CLANG_WARN_INT_CONVERSION = YES;
				CLANG_WARN_NON_LITERAL_NULL_CONVERSION = YES;
				CLANG_WARN_OBJC_IMPLICIT_RETAIN_SELF = YES;
				CLANG_WARN_OBJC_LITERAL_CONVERSION = YES;
				CLANG_WARN_OBJC_ROOT_CLASS = YES_ERROR;
				CLANG_WARN_QUOTED_INCLUDE_IN_FRAMEWORK_HEADER = YES;
				CLANG_WARN_RANGE_LOOP_ANALYSIS = YES;
				CLANG_WARN_STRICT_PROTOTYPES = YES;
				CLANG_WARN_SUSPICIOUS_MOVE = YES;
				CLANG_WARN_UNGUARDED_AVAILABILITY = YES_AGGRESSIVE;
				CLANG_WARN_UNREACHABLE_CODE = YES;
				CLANG_WARN__DUPLICATE_METHOD_MATCH = YES;
				COPY_PHASE_STRIP = NO;
				DEBUG_INFORMATION_FORMAT = "dwarf-with-dsym";
				ENABLE_NS_ASSERTIONS = NO;
				ENABLE_STRICT_OBJC_MSGSEND = YES;
				GCC_C_LANGUAGE_STANDARD = gnu11;
				GCC_NO_COMMON_BLOCKS = YES;
				GCC_WARN_64_TO_32_BIT_CONVERSION = YES;
				GCC_WARN_ABOUT_RETURN_TYPE = YES_ERROR;
				GCC_WARN_UNDECLARED_SELECTOR = YES;
				GCC_WARN_UNINITIALIZED_AUTOS = YES_AGGRESSIVE;
				GCC_WARN_UNUSED_FUNCTION = YES;
				GCC_WARN_UNUSED_VARIABLE = YES;
				IPHONEOS_DEPLOYMENT_TARGET = 15.5;
				MTL_ENABLE_DEBUG_INFO = NO;
				MTL_FAST_MATH = YES;
				SDKROOT = iphoneos;
				SWIFT_COMPILATION_MODE = wholemodule;
				SWIFT_OPTIMIZATION_LEVEL = "-O";
				VALIDATE_PRODUCT = YES;
			};
			name = Release;
		};
		CD495F1128591CC5007C24E4 /* Debug */ = {
			isa = XCBuildConfiguration;
			buildSettings = {
				ASSETCATALOG_COMPILER_APPICON_NAME = AppIcon;
				ASSETCATALOG_COMPILER_GLOBAL_ACCENT_COLOR_NAME = AccentColor;
				CODE_SIGN_STYLE = Automatic;
				CURRENT_PROJECT_VERSION = 1;
				DEVELOPMENT_TEAM = 86J3SRZ52R;
				GENERATE_INFOPLIST_FILE = YES;
				INFOPLIST_FILE = "Fetch Rewards/Configuration/Info.plist";
				INFOPLIST_KEY_UIApplicationSupportsIndirectInputEvents = YES;
				INFOPLIST_KEY_UILaunchStoryboardName = LaunchScreen;
				INFOPLIST_KEY_UIMainStoryboardFile = Main;
				INFOPLIST_KEY_UISupportedInterfaceOrientations_iPad = "UIInterfaceOrientationPortrait UIInterfaceOrientationPortraitUpsideDown UIInterfaceOrientationLandscapeLeft UIInterfaceOrientationLandscapeRight";
				INFOPLIST_KEY_UISupportedInterfaceOrientations_iPhone = "UIInterfaceOrientationPortrait UIInterfaceOrientationLandscapeLeft UIInterfaceOrientationLandscapeRight";
				LD_RUNPATH_SEARCH_PATHS = (
					"$(inherited)",
					"@executable_path/Frameworks",
				);
				MARKETING_VERSION = 1.0;
				PRODUCT_BUNDLE_IDENTIFIER = "com.amoghjoshi.Fetch-Rewards";
				PRODUCT_NAME = "$(TARGET_NAME)";
				SWIFT_EMIT_LOC_STRINGS = YES;
				SWIFT_VERSION = 5.0;
				TARGETED_DEVICE_FAMILY = "1,2";
			};
			name = Debug;
		};
		CD495F1228591CC5007C24E4 /* Release */ = {
			isa = XCBuildConfiguration;
			buildSettings = {
				ASSETCATALOG_COMPILER_APPICON_NAME = AppIcon;
				ASSETCATALOG_COMPILER_GLOBAL_ACCENT_COLOR_NAME = AccentColor;
				CODE_SIGN_STYLE = Automatic;
				CURRENT_PROJECT_VERSION = 1;
				DEVELOPMENT_TEAM = 86J3SRZ52R;
				GENERATE_INFOPLIST_FILE = YES;
				INFOPLIST_FILE = "Fetch Rewards/Configuration/Info.plist";
				INFOPLIST_KEY_UIApplicationSupportsIndirectInputEvents = YES;
				INFOPLIST_KEY_UILaunchStoryboardName = LaunchScreen;
				INFOPLIST_KEY_UIMainStoryboardFile = Main;
				INFOPLIST_KEY_UISupportedInterfaceOrientations_iPad = "UIInterfaceOrientationPortrait UIInterfaceOrientationPortraitUpsideDown UIInterfaceOrientationLandscapeLeft UIInterfaceOrientationLandscapeRight";
				INFOPLIST_KEY_UISupportedInterfaceOrientations_iPhone = "UIInterfaceOrientationPortrait UIInterfaceOrientationLandscapeLeft UIInterfaceOrientationLandscapeRight";
				LD_RUNPATH_SEARCH_PATHS = (
					"$(inherited)",
					"@executable_path/Frameworks",
				);
				MARKETING_VERSION = 1.0;
				PRODUCT_BUNDLE_IDENTIFIER = "com.amoghjoshi.Fetch-Rewards";
				PRODUCT_NAME = "$(TARGET_NAME)";
				SWIFT_EMIT_LOC_STRINGS = YES;
				SWIFT_VERSION = 5.0;
				TARGETED_DEVICE_FAMILY = "1,2";
			};
			name = Release;
		};
		CD495F222859239D007C24E4 /* Debug */ = {
			isa = XCBuildConfiguration;
			buildSettings = {
				BUNDLE_LOADER = "$(TEST_HOST)";
				CODE_SIGN_STYLE = Automatic;
				CURRENT_PROJECT_VERSION = 1;
				DEVELOPMENT_TEAM = 86J3SRZ52R;
				GENERATE_INFOPLIST_FILE = YES;
				MARKETING_VERSION = 1.0;
				PRODUCT_BUNDLE_IDENTIFIER = "com.amoghjoshi.Fetch-RewardsTests";
				PRODUCT_NAME = "$(TARGET_NAME)";
				SWIFT_EMIT_LOC_STRINGS = NO;
				SWIFT_VERSION = 5.0;
				TARGETED_DEVICE_FAMILY = "1,2";
				TEST_HOST = "$(BUILT_PRODUCTS_DIR)/Fetch Rewards.app/Fetch Rewards";
			};
			name = Debug;
		};
		CD495F232859239D007C24E4 /* Release */ = {
			isa = XCBuildConfiguration;
			buildSettings = {
				BUNDLE_LOADER = "$(TEST_HOST)";
				CODE_SIGN_STYLE = Automatic;
				CURRENT_PROJECT_VERSION = 1;
				DEVELOPMENT_TEAM = 86J3SRZ52R;
				GENERATE_INFOPLIST_FILE = YES;
				MARKETING_VERSION = 1.0;
				PRODUCT_BUNDLE_IDENTIFIER = "com.amoghjoshi.Fetch-RewardsTests";
				PRODUCT_NAME = "$(TARGET_NAME)";
				SWIFT_EMIT_LOC_STRINGS = NO;
				SWIFT_VERSION = 5.0;
				TARGETED_DEVICE_FAMILY = "1,2";
				TEST_HOST = "$(BUILT_PRODUCTS_DIR)/Fetch Rewards.app/Fetch Rewards";
			};
			name = Release;
		};
/* End XCBuildConfiguration section */

/* Begin XCConfigurationList section */
		CD495EF728591CC3007C24E4 /* Build configuration list for PBXProject "Fetch Rewards" */ = {
			isa = XCConfigurationList;
			buildConfigurations = (
				CD495F0E28591CC5007C24E4 /* Debug */,
				CD495F0F28591CC5007C24E4 /* Release */,
			);
			defaultConfigurationIsVisible = 0;
			defaultConfigurationName = Release;
		};
		CD495F1028591CC5007C24E4 /* Build configuration list for PBXNativeTarget "Fetch Rewards" */ = {
			isa = XCConfigurationList;
			buildConfigurations = (
				CD495F1128591CC5007C24E4 /* Debug */,
				CD495F1228591CC5007C24E4 /* Release */,
			);
			defaultConfigurationIsVisible = 0;
			defaultConfigurationName = Release;
		};
		CD495F212859239D007C24E4 /* Build configuration list for PBXNativeTarget "Fetch RewardsTests" */ = {
			isa = XCConfigurationList;
			buildConfigurations = (
				CD495F222859239D007C24E4 /* Debug */,
				CD495F232859239D007C24E4 /* Release */,
			);
			defaultConfigurationIsVisible = 0;
			defaultConfigurationName = Release;
		};
/* End XCConfigurationList section */
	};
	rootObject = CD495EF428591CC3007C24E4 /* Project object */;
}
